// !$*UTF8*$!
{
	archiveVersion = 1;
	classes = {
	};
	objectVersion = 56;
	objects = {

/* Begin PBXBuildFile section */
		7A1C79DF29CB2FEE00862924 /* AppDelegate.swift in Sources */ = {isa = PBXBuildFile; fileRef = 7A1C79DE29CB2FEE00862924 /* AppDelegate.swift */; };
		7A1C79E129CB2FEE00862924 /* SceneDelegate.swift in Sources */ = {isa = PBXBuildFile; fileRef = 7A1C79E029CB2FEE00862924 /* SceneDelegate.swift */; };
		7A1C79E329CB2FEE00862924 /* ViewController.swift in Sources */ = {isa = PBXBuildFile; fileRef = 7A1C79E229CB2FEE00862924 /* ViewController.swift */; };
		7A1C79E829CB2FF000862924 /* Assets.xcassets in Resources */ = {isa = PBXBuildFile; fileRef = 7A1C79E729CB2FF000862924 /* Assets.xcassets */; };
		7A1C79EB29CB2FF000862924 /* LaunchScreen.storyboard in Resources */ = {isa = PBXBuildFile; fileRef = 7A1C79E929CB2FF000862924 /* LaunchScreen.storyboard */; };
		7A1C79F629CB2FF000862924 /* FeedLoaderWithFallbackCompositeTests.swift in Sources */ = {isa = PBXBuildFile; fileRef = 7A1C79F529CB2FF000862924 /* FeedLoaderWithFallbackCompositeTests.swift */; };
		7A2E5C8429E418FF00E1C2CD /* SceneDelegateTests.swift in Sources */ = {isa = PBXBuildFile; fileRef = 7A2E5C8329E418FF00E1C2CD /* SceneDelegateTests.swift */; };
		7A3A19B629E50F280002CF90 /* FeedViewAdapter.swift in Sources */ = {isa = PBXBuildFile; fileRef = 7A3A19B029E50F270002CF90 /* FeedViewAdapter.swift */; };
		7A3A19B729E50F280002CF90 /* FeedImageDataLoaderPresentationAdapter.swift in Sources */ = {isa = PBXBuildFile; fileRef = 7A3A19B129E50F270002CF90 /* FeedImageDataLoaderPresentationAdapter.swift */; };
		7A3A19B829E50F280002CF90 /* WeakRefVirtualProxy.swift in Sources */ = {isa = PBXBuildFile; fileRef = 7A3A19B229E50F280002CF90 /* WeakRefVirtualProxy.swift */; };
		7A3A19B929E50F280002CF90 /* FeedUIComposer.swift in Sources */ = {isa = PBXBuildFile; fileRef = 7A3A19B329E50F280002CF90 /* FeedUIComposer.swift */; };
		7A3A19BA29E50F280002CF90 /* MainQueueDispatchDecorator.swift in Sources */ = {isa = PBXBuildFile; fileRef = 7A3A19B429E50F280002CF90 /* MainQueueDispatchDecorator.swift */; };
		7A3A19BB29E50F280002CF90 /* FeedLoaderPresentationAdapter.swift in Sources */ = {isa = PBXBuildFile; fileRef = 7A3A19B529E50F280002CF90 /* FeedLoaderPresentationAdapter.swift */; };
		7A3A19BE29E50FBA0002CF90 /* FeedViewControllerTests+Localization.swift in Sources */ = {isa = PBXBuildFile; fileRef = 7A3A19BC29E50FBA0002CF90 /* FeedViewControllerTests+Localization.swift */; };
		7A3A19BF29E50FBA0002CF90 /* FeedViewControllerTests+LoaderSpy.swift in Sources */ = {isa = PBXBuildFile; fileRef = 7A3A19BD29E50FBA0002CF90 /* FeedViewControllerTests+LoaderSpy.swift */; };
		7A3A19C129E50FF40002CF90 /* FeedUIIntegrationTests.swift in Sources */ = {isa = PBXBuildFile; fileRef = 7A3A19C029E50FF40002CF90 /* FeedUIIntegrationTests.swift */; };
		7A3A19C329E536390002CF90 /* FeedAcceptanceTests.swift in Sources */ = {isa = PBXBuildFile; fileRef = 7A3A19C229E536390002CF90 /* FeedAcceptanceTests.swift */; };
		7A3A19C529E5448B0002CF90 /* FeedImageCell+TestHelpers.swift in Sources */ = {isa = PBXBuildFile; fileRef = 7A3A19C429E5448B0002CF90 /* FeedImageCell+TestHelpers.swift */; };
		7A3A19C729E5457B0002CF90 /* UIImage+TestHelpers.swift in Sources */ = {isa = PBXBuildFile; fileRef = 7A3A19C629E5457B0002CF90 /* UIImage+TestHelpers.swift */; };
		7A3A19C929E546280002CF90 /* UIRefreshControl+TestHelpers.swift in Sources */ = {isa = PBXBuildFile; fileRef = 7A3A19C829E546280002CF90 /* UIRefreshControl+TestHelpers.swift */; };
		7A3A19CB29E546480002CF90 /* UIButton+TestHelpers.swift in Sources */ = {isa = PBXBuildFile; fileRef = 7A3A19CA29E546480002CF90 /* UIButton+TestHelpers.swift */; };
		7A3A19CD29E546720002CF90 /* FeedViewController+TestHelpers.swift in Sources */ = {isa = PBXBuildFile; fileRef = 7A3A19CC29E546720002CF90 /* FeedViewController+TestHelpers.swift */; };
		7A3A19CF29E555A40002CF90 /* HTTPClientStub.swift in Sources */ = {isa = PBXBuildFile; fileRef = 7A3A19CE29E555A40002CF90 /* HTTPClientStub.swift */; };
		7A3A19D129E555E50002CF90 /* InMemoryFeedStore.swift in Sources */ = {isa = PBXBuildFile; fileRef = 7A3A19D029E555E50002CF90 /* InMemoryFeedStore.swift */; };
		7A3A19E329E8F7940002CF90 /* UIView+TestHelpers.swift in Sources */ = {isa = PBXBuildFile; fileRef = 7A3A19E229E8F7940002CF90 /* UIView+TestHelpers.swift */; };
		7A94BFF929D43BAA00866E46 /* FeedLoaderCacheDecoratorTests.swift in Sources */ = {isa = PBXBuildFile; fileRef = 7A94BFF829D43BAA00866E46 /* FeedLoaderCacheDecoratorTests.swift */; };
		7A94BFFB29D43EB500866E46 /* FeedLoaderStub.swift in Sources */ = {isa = PBXBuildFile; fileRef = 7A94BFFA29D43EB500866E46 /* FeedLoaderStub.swift */; };
		7A94BFFD29D5358100866E46 /* XCTestCase+FeedLoader.swift in Sources */ = {isa = PBXBuildFile; fileRef = 7A94BFFC29D5358100866E46 /* XCTestCase+FeedLoader.swift */; };
		7A94C00229D5633600866E46 /* FeedLoaderCacheDecorator.swift in Sources */ = {isa = PBXBuildFile; fileRef = 7A94C00029D562E100866E46 /* FeedLoaderCacheDecorator.swift */; };
		7A94C00429D5690300866E46 /* FeedImageDataLoaderCacheDecoratorTests.swift in Sources */ = {isa = PBXBuildFile; fileRef = 7A94C00329D5690300866E46 /* FeedImageDataLoaderCacheDecoratorTests.swift */; };
		7A94C00629D569BD00866E46 /* FeedImageDataLoaderSpy.swift in Sources */ = {isa = PBXBuildFile; fileRef = 7A94C00529D569BD00866E46 /* FeedImageDataLoaderSpy.swift */; };
		7A94C00829D56B6B00866E46 /* XCTestCase+FeedImageDataLoader.swift in Sources */ = {isa = PBXBuildFile; fileRef = 7A94C00729D56B6B00866E46 /* XCTestCase+FeedImageDataLoader.swift */; };
		7A94C00C29D5706300866E46 /* FeedImageDataLoaderCacheDecorator.swift in Sources */ = {isa = PBXBuildFile; fileRef = 7A94C00B29D5706300866E46 /* FeedImageDataLoaderCacheDecorator.swift */; };
		7ACD6DAC29D18A5F00139F62 /* Feed.framework in Frameworks */ = {isa = PBXBuildFile; fileRef = 7ACD6DAA29D18A5F00139F62 /* Feed.framework */; };
		7ACD6DAD29D18A5F00139F62 /* Feed.framework in Embed Frameworks */ = {isa = PBXBuildFile; fileRef = 7ACD6DAA29D18A5F00139F62 /* Feed.framework */; settings = {ATTRIBUTES = (CodeSignOnCopy, RemoveHeadersOnCopy, ); }; };
		7ACD6DAE29D18A5F00139F62 /* FeediOS.framework in Frameworks */ = {isa = PBXBuildFile; fileRef = 7ACD6DAB29D18A5F00139F62 /* FeediOS.framework */; };
		7ACD6DAF29D18A5F00139F62 /* FeediOS.framework in Embed Frameworks */ = {isa = PBXBuildFile; fileRef = 7ACD6DAB29D18A5F00139F62 /* FeediOS.framework */; settings = {ATTRIBUTES = (CodeSignOnCopy, RemoveHeadersOnCopy, ); }; };
		7ACD6DB229D1952400139F62 /* FeedLoaderWithFallbackComposite.swift in Sources */ = {isa = PBXBuildFile; fileRef = 7ACD6DB129D1952300139F62 /* FeedLoaderWithFallbackComposite.swift */; };
		7ACD6DB429D195C600139F62 /* FeedImageDataLoaderWithFallbackComposite.swift in Sources */ = {isa = PBXBuildFile; fileRef = 7ACD6DB329D195C600139F62 /* FeedImageDataLoaderWithFallbackComposite.swift */; };
		7ACD6DB629D198EA00139F62 /* FeedImageDataLoaderWithFallbackComposite.swift in Sources */ = {isa = PBXBuildFile; fileRef = 7ACD6DB529D198EA00139F62 /* FeedImageDataLoaderWithFallbackComposite.swift */; };
		7ACD6DB929D1995500139F62 /* XCTestCase+MemoryLeakTracking.swift in Sources */ = {isa = PBXBuildFile; fileRef = 7ACD6DB829D1995500139F62 /* XCTestCase+MemoryLeakTracking.swift */; };
		7ACD6DBB29D1999800139F62 /* SharedTestHelpers.swift in Sources */ = {isa = PBXBuildFile; fileRef = 7ACD6DBA29D1999800139F62 /* SharedTestHelpers.swift */; };
/* End PBXBuildFile section */

/* Begin PBXContainerItemProxy section */
		7A1C79F229CB2FF000862924 /* PBXContainerItemProxy */ = {
			isa = PBXContainerItemProxy;
			containerPortal = 7A1C79D329CB2FEE00862924 /* Project object */;
			proxyType = 1;
			remoteGlobalIDString = 7A1C79DA29CB2FEE00862924;
			remoteInfo = FeedApp;
		};
/* End PBXContainerItemProxy section */

/* Begin PBXCopyFilesBuildPhase section */
		7ACD6DB029D18A5F00139F62 /* Embed Frameworks */ = {
			isa = PBXCopyFilesBuildPhase;
			buildActionMask = 2147483647;
			dstPath = "";
			dstSubfolderSpec = 10;
			files = (
				7ACD6DAF29D18A5F00139F62 /* FeediOS.framework in Embed Frameworks */,
				7ACD6DAD29D18A5F00139F62 /* Feed.framework in Embed Frameworks */,
			);
			name = "Embed Frameworks";
			runOnlyForDeploymentPostprocessing = 0;
		};
/* End PBXCopyFilesBuildPhase section */

/* Begin PBXFileReference section */
		7A1C79DB29CB2FEE00862924 /* FeedApp.app */ = {isa = PBXFileReference; explicitFileType = wrapper.application; includeInIndex = 0; path = FeedApp.app; sourceTree = BUILT_PRODUCTS_DIR; };
		7A1C79DE29CB2FEE00862924 /* AppDelegate.swift */ = {isa = PBXFileReference; lastKnownFileType = sourcecode.swift; path = AppDelegate.swift; sourceTree = "<group>"; };
		7A1C79E029CB2FEE00862924 /* SceneDelegate.swift */ = {isa = PBXFileReference; lastKnownFileType = sourcecode.swift; path = SceneDelegate.swift; sourceTree = "<group>"; };
		7A1C79E229CB2FEE00862924 /* ViewController.swift */ = {isa = PBXFileReference; lastKnownFileType = sourcecode.swift; path = ViewController.swift; sourceTree = "<group>"; };
		7A1C79E729CB2FF000862924 /* Assets.xcassets */ = {isa = PBXFileReference; lastKnownFileType = folder.assetcatalog; path = Assets.xcassets; sourceTree = "<group>"; };
		7A1C79EA29CB2FF000862924 /* Base */ = {isa = PBXFileReference; lastKnownFileType = file.storyboard; name = Base; path = Base.lproj/LaunchScreen.storyboard; sourceTree = "<group>"; };
		7A1C79EC29CB2FF000862924 /* Info.plist */ = {isa = PBXFileReference; lastKnownFileType = text.plist.xml; path = Info.plist; sourceTree = "<group>"; };
		7A1C79F129CB2FF000862924 /* FeedAppTests.xctest */ = {isa = PBXFileReference; explicitFileType = wrapper.cfbundle; includeInIndex = 0; path = FeedAppTests.xctest; sourceTree = BUILT_PRODUCTS_DIR; };
		7A1C79F529CB2FF000862924 /* FeedLoaderWithFallbackCompositeTests.swift */ = {isa = PBXFileReference; lastKnownFileType = sourcecode.swift; path = FeedLoaderWithFallbackCompositeTests.swift; sourceTree = "<group>"; };
		7A1C79FF29CB2FF000862924 /* FeedAppUITests.swift */ = {isa = PBXFileReference; lastKnownFileType = sourcecode.swift; path = FeedAppUITests.swift; sourceTree = "<group>"; };
		7A2E5C8329E418FF00E1C2CD /* SceneDelegateTests.swift */ = {isa = PBXFileReference; lastKnownFileType = sourcecode.swift; path = SceneDelegateTests.swift; sourceTree = "<group>"; };
		7A3A19B029E50F270002CF90 /* FeedViewAdapter.swift */ = {isa = PBXFileReference; fileEncoding = 4; lastKnownFileType = sourcecode.swift; path = FeedViewAdapter.swift; sourceTree = "<group>"; };
		7A3A19B129E50F270002CF90 /* FeedImageDataLoaderPresentationAdapter.swift */ = {isa = PBXFileReference; fileEncoding = 4; lastKnownFileType = sourcecode.swift; path = FeedImageDataLoaderPresentationAdapter.swift; sourceTree = "<group>"; };
		7A3A19B229E50F280002CF90 /* WeakRefVirtualProxy.swift */ = {isa = PBXFileReference; fileEncoding = 4; lastKnownFileType = sourcecode.swift; path = WeakRefVirtualProxy.swift; sourceTree = "<group>"; };
		7A3A19B329E50F280002CF90 /* FeedUIComposer.swift */ = {isa = PBXFileReference; fileEncoding = 4; lastKnownFileType = sourcecode.swift; path = FeedUIComposer.swift; sourceTree = "<group>"; };
		7A3A19B429E50F280002CF90 /* MainQueueDispatchDecorator.swift */ = {isa = PBXFileReference; fileEncoding = 4; lastKnownFileType = sourcecode.swift; path = MainQueueDispatchDecorator.swift; sourceTree = "<group>"; };
		7A3A19B529E50F280002CF90 /* FeedLoaderPresentationAdapter.swift */ = {isa = PBXFileReference; fileEncoding = 4; lastKnownFileType = sourcecode.swift; path = FeedLoaderPresentationAdapter.swift; sourceTree = "<group>"; };
		7A3A19BC29E50FBA0002CF90 /* FeedViewControllerTests+Localization.swift */ = {isa = PBXFileReference; fileEncoding = 4; lastKnownFileType = sourcecode.swift; path = "FeedViewControllerTests+Localization.swift"; sourceTree = "<group>"; };
		7A3A19BD29E50FBA0002CF90 /* FeedViewControllerTests+LoaderSpy.swift */ = {isa = PBXFileReference; fileEncoding = 4; lastKnownFileType = sourcecode.swift; path = "FeedViewControllerTests+LoaderSpy.swift"; sourceTree = "<group>"; };
		7A3A19C029E50FF40002CF90 /* FeedUIIntegrationTests.swift */ = {isa = PBXFileReference; fileEncoding = 4; lastKnownFileType = sourcecode.swift; path = FeedUIIntegrationTests.swift; sourceTree = "<group>"; };
		7A3A19C229E536390002CF90 /* FeedAcceptanceTests.swift */ = {isa = PBXFileReference; lastKnownFileType = sourcecode.swift; path = FeedAcceptanceTests.swift; sourceTree = "<group>"; };
		7A3A19C429E5448B0002CF90 /* FeedImageCell+TestHelpers.swift */ = {isa = PBXFileReference; lastKnownFileType = sourcecode.swift; path = "FeedImageCell+TestHelpers.swift"; sourceTree = "<group>"; };
		7A3A19C629E5457B0002CF90 /* UIImage+TestHelpers.swift */ = {isa = PBXFileReference; lastKnownFileType = sourcecode.swift; path = "UIImage+TestHelpers.swift"; sourceTree = "<group>"; };
		7A3A19C829E546280002CF90 /* UIRefreshControl+TestHelpers.swift */ = {isa = PBXFileReference; lastKnownFileType = sourcecode.swift; path = "UIRefreshControl+TestHelpers.swift"; sourceTree = "<group>"; };
		7A3A19CA29E546480002CF90 /* UIButton+TestHelpers.swift */ = {isa = PBXFileReference; lastKnownFileType = sourcecode.swift; path = "UIButton+TestHelpers.swift"; sourceTree = "<group>"; };
		7A3A19CC29E546720002CF90 /* FeedViewController+TestHelpers.swift */ = {isa = PBXFileReference; lastKnownFileType = sourcecode.swift; path = "FeedViewController+TestHelpers.swift"; sourceTree = "<group>"; };
		7A3A19CE29E555A40002CF90 /* HTTPClientStub.swift */ = {isa = PBXFileReference; lastKnownFileType = sourcecode.swift; path = HTTPClientStub.swift; sourceTree = "<group>"; };
		7A3A19D029E555E50002CF90 /* InMemoryFeedStore.swift */ = {isa = PBXFileReference; lastKnownFileType = sourcecode.swift; path = InMemoryFeedStore.swift; sourceTree = "<group>"; };
		7A3A19E229E8F7940002CF90 /* UIView+TestHelpers.swift */ = {isa = PBXFileReference; lastKnownFileType = sourcecode.swift; path = "UIView+TestHelpers.swift"; sourceTree = "<group>"; };
		7A94BFF829D43BAA00866E46 /* FeedLoaderCacheDecoratorTests.swift */ = {isa = PBXFileReference; lastKnownFileType = sourcecode.swift; path = FeedLoaderCacheDecoratorTests.swift; sourceTree = "<group>"; };
		7A94BFFA29D43EB500866E46 /* FeedLoaderStub.swift */ = {isa = PBXFileReference; lastKnownFileType = sourcecode.swift; path = FeedLoaderStub.swift; sourceTree = "<group>"; };
		7A94BFFC29D5358100866E46 /* XCTestCase+FeedLoader.swift */ = {isa = PBXFileReference; lastKnownFileType = sourcecode.swift; path = "XCTestCase+FeedLoader.swift"; sourceTree = "<group>"; };
		7A94C00029D562E100866E46 /* FeedLoaderCacheDecorator.swift */ = {isa = PBXFileReference; lastKnownFileType = sourcecode.swift; path = FeedLoaderCacheDecorator.swift; sourceTree = "<group>"; };
		7A94C00329D5690300866E46 /* FeedImageDataLoaderCacheDecoratorTests.swift */ = {isa = PBXFileReference; lastKnownFileType = sourcecode.swift; path = FeedImageDataLoaderCacheDecoratorTests.swift; sourceTree = "<group>"; };
		7A94C00529D569BD00866E46 /* FeedImageDataLoaderSpy.swift */ = {isa = PBXFileReference; lastKnownFileType = sourcecode.swift; path = FeedImageDataLoaderSpy.swift; sourceTree = "<group>"; };
		7A94C00729D56B6B00866E46 /* XCTestCase+FeedImageDataLoader.swift */ = {isa = PBXFileReference; lastKnownFileType = sourcecode.swift; path = "XCTestCase+FeedImageDataLoader.swift"; sourceTree = "<group>"; };
		7A94C00B29D5706300866E46 /* FeedImageDataLoaderCacheDecorator.swift */ = {isa = PBXFileReference; lastKnownFileType = sourcecode.swift; path = FeedImageDataLoaderCacheDecorator.swift; sourceTree = "<group>"; };
		7ACD6DAA29D18A5F00139F62 /* Feed.framework */ = {isa = PBXFileReference; explicitFileType = wrapper.framework; path = Feed.framework; sourceTree = BUILT_PRODUCTS_DIR; };
		7ACD6DAB29D18A5F00139F62 /* FeediOS.framework */ = {isa = PBXFileReference; explicitFileType = wrapper.framework; path = FeediOS.framework; sourceTree = BUILT_PRODUCTS_DIR; };
		7ACD6DB129D1952300139F62 /* FeedLoaderWithFallbackComposite.swift */ = {isa = PBXFileReference; lastKnownFileType = sourcecode.swift; path = FeedLoaderWithFallbackComposite.swift; sourceTree = "<group>"; };
		7ACD6DB329D195C600139F62 /* FeedImageDataLoaderWithFallbackComposite.swift */ = {isa = PBXFileReference; lastKnownFileType = sourcecode.swift; path = FeedImageDataLoaderWithFallbackComposite.swift; sourceTree = "<group>"; };
		7ACD6DB529D198EA00139F62 /* FeedImageDataLoaderWithFallbackComposite.swift */ = {isa = PBXFileReference; lastKnownFileType = sourcecode.swift; path = FeedImageDataLoaderWithFallbackComposite.swift; sourceTree = "<group>"; };
		7ACD6DB829D1995500139F62 /* XCTestCase+MemoryLeakTracking.swift */ = {isa = PBXFileReference; lastKnownFileType = sourcecode.swift; path = "XCTestCase+MemoryLeakTracking.swift"; sourceTree = "<group>"; };
		7ACD6DBA29D1999800139F62 /* SharedTestHelpers.swift */ = {isa = PBXFileReference; lastKnownFileType = sourcecode.swift; path = SharedTestHelpers.swift; sourceTree = "<group>"; };
/* End PBXFileReference section */

/* Begin PBXFrameworksBuildPhase section */
		7A1C79D829CB2FEE00862924 /* Frameworks */ = {
			isa = PBXFrameworksBuildPhase;
			buildActionMask = 2147483647;
			files = (
				7ACD6DAE29D18A5F00139F62 /* FeediOS.framework in Frameworks */,
				7ACD6DAC29D18A5F00139F62 /* Feed.framework in Frameworks */,
			);
			runOnlyForDeploymentPostprocessing = 0;
		};
		7A1C79EE29CB2FF000862924 /* Frameworks */ = {
			isa = PBXFrameworksBuildPhase;
			buildActionMask = 2147483647;
			files = (
			);
			runOnlyForDeploymentPostprocessing = 0;
		};
/* End PBXFrameworksBuildPhase section */

/* Begin PBXGroup section */
		7A1C79D229CB2FEE00862924 = {
			isa = PBXGroup;
			children = (
				7A1C79DD29CB2FEE00862924 /* FeedApp */,
				7A1C79F429CB2FF000862924 /* FeedAppTests */,
				7A1C79FE29CB2FF000862924 /* FeedAppUITests */,
				7A1C79DC29CB2FEE00862924 /* Products */,
				7ACD6DA929D18A5F00139F62 /* Frameworks */,
			);
			sourceTree = "<group>";
		};
		7A1C79DC29CB2FEE00862924 /* Products */ = {
			isa = PBXGroup;
			children = (
				7A1C79DB29CB2FEE00862924 /* FeedApp.app */,
				7A1C79F129CB2FF000862924 /* FeedAppTests.xctest */,
			);
			name = Products;
			sourceTree = "<group>";
		};
		7A1C79DD29CB2FEE00862924 /* FeedApp */ = {
			isa = PBXGroup;
			children = (
				7A1C79DE29CB2FEE00862924 /* AppDelegate.swift */,
				7A1C79E029CB2FEE00862924 /* SceneDelegate.swift */,
				7A1C79E229CB2FEE00862924 /* ViewController.swift */,
				7A1C79E729CB2FF000862924 /* Assets.xcassets */,
				7A1C79E929CB2FF000862924 /* LaunchScreen.storyboard */,
				7A1C79EC29CB2FF000862924 /* Info.plist */,
				7ACD6DB129D1952300139F62 /* FeedLoaderWithFallbackComposite.swift */,
				7ACD6DB529D198EA00139F62 /* FeedImageDataLoaderWithFallbackComposite.swift */,
				7A94C00029D562E100866E46 /* FeedLoaderCacheDecorator.swift */,
				7A94C00B29D5706300866E46 /* FeedImageDataLoaderCacheDecorator.swift */,
				7A3A19B329E50F280002CF90 /* FeedUIComposer.swift */,
				7A3A19B029E50F270002CF90 /* FeedViewAdapter.swift */,
				7A3A19B529E50F280002CF90 /* FeedLoaderPresentationAdapter.swift */,
				7A3A19B129E50F270002CF90 /* FeedImageDataLoaderPresentationAdapter.swift */,
				7A3A19B229E50F280002CF90 /* WeakRefVirtualProxy.swift */,
				7A3A19B429E50F280002CF90 /* MainQueueDispatchDecorator.swift */,
			);
			path = FeedApp;
			sourceTree = "<group>";
		};
		7A1C79F429CB2FF000862924 /* FeedAppTests */ = {
			isa = PBXGroup;
			children = (
				7A1C79F529CB2FF000862924 /* FeedLoaderWithFallbackCompositeTests.swift */,
				7A94BFF829D43BAA00866E46 /* FeedLoaderCacheDecoratorTests.swift */,
				7ACD6DB329D195C600139F62 /* FeedImageDataLoaderWithFallbackComposite.swift */,
				7A94C00329D5690300866E46 /* FeedImageDataLoaderCacheDecoratorTests.swift */,
				7ACD6DB729D1993600139F62 /* Helpers */,
				7A2E5C8329E418FF00E1C2CD /* SceneDelegateTests.swift */,
				7A3A19C029E50FF40002CF90 /* FeedUIIntegrationTests.swift */,
				7A3A19C229E536390002CF90 /* FeedAcceptanceTests.swift */,
			);
			path = FeedAppTests;
			sourceTree = "<group>";
		};
		7A1C79FE29CB2FF000862924 /* FeedAppUITests */ = {
			isa = PBXGroup;
			children = (
				7A1C79FF29CB2FF000862924 /* FeedAppUITests.swift */,
			);
			path = FeedAppUITests;
			sourceTree = "<group>";
		};
		7ACD6DA929D18A5F00139F62 /* Frameworks */ = {
			isa = PBXGroup;
			children = (
				7ACD6DAA29D18A5F00139F62 /* Feed.framework */,
				7ACD6DAB29D18A5F00139F62 /* FeediOS.framework */,
			);
			name = Frameworks;
			sourceTree = "<group>";
		};
		7ACD6DB729D1993600139F62 /* Helpers */ = {
			isa = PBXGroup;
			children = (
				7A3A19BC29E50FBA0002CF90 /* FeedViewControllerTests+Localization.swift */,
				7A3A19BD29E50FBA0002CF90 /* FeedViewControllerTests+LoaderSpy.swift */,
				7ACD6DB829D1995500139F62 /* XCTestCase+MemoryLeakTracking.swift */,
				7ACD6DBA29D1999800139F62 /* SharedTestHelpers.swift */,
				7A94BFFA29D43EB500866E46 /* FeedLoaderStub.swift */,
				7A94BFFC29D5358100866E46 /* XCTestCase+FeedLoader.swift */,
				7A94C00529D569BD00866E46 /* FeedImageDataLoaderSpy.swift */,
				7A94C00729D56B6B00866E46 /* XCTestCase+FeedImageDataLoader.swift */,
				7A3A19C429E5448B0002CF90 /* FeedImageCell+TestHelpers.swift */,
				7A3A19C629E5457B0002CF90 /* UIImage+TestHelpers.swift */,
				7A3A19C829E546280002CF90 /* UIRefreshControl+TestHelpers.swift */,
				7A3A19CA29E546480002CF90 /* UIButton+TestHelpers.swift */,
				7A3A19CC29E546720002CF90 /* FeedViewController+TestHelpers.swift */,
				7A3A19CE29E555A40002CF90 /* HTTPClientStub.swift */,
				7A3A19D029E555E50002CF90 /* InMemoryFeedStore.swift */,
				7A3A19E229E8F7940002CF90 /* UIView+TestHelpers.swift */,
			);
			path = Helpers;
			sourceTree = "<group>";
		};
/* End PBXGroup section */

/* Begin PBXNativeTarget section */
		7A1C79DA29CB2FEE00862924 /* FeedApp */ = {
			isa = PBXNativeTarget;
			buildConfigurationList = 7A1C7A0529CB2FF000862924 /* Build configuration list for PBXNativeTarget "FeedApp" */;
			buildPhases = (
				7A1C79D729CB2FEE00862924 /* Sources */,
				7A1C79D829CB2FEE00862924 /* Frameworks */,
				7A1C79D929CB2FEE00862924 /* Resources */,
				7ACD6DB029D18A5F00139F62 /* Embed Frameworks */,
			);
			buildRules = (
			);
			dependencies = (
			);
			name = FeedApp;
			productName = FeedApp;
			productReference = 7A1C79DB29CB2FEE00862924 /* FeedApp.app */;
			productType = "com.apple.product-type.application";
		};
		7A1C79F029CB2FF000862924 /* FeedAppTests */ = {
			isa = PBXNativeTarget;
			buildConfigurationList = 7A1C7A0829CB2FF000862924 /* Build configuration list for PBXNativeTarget "FeedAppTests" */;
			buildPhases = (
				7A1C79ED29CB2FF000862924 /* Sources */,
				7A1C79EE29CB2FF000862924 /* Frameworks */,
				7A1C79EF29CB2FF000862924 /* Resources */,
			);
			buildRules = (
			);
			dependencies = (
				7A1C79F329CB2FF000862924 /* PBXTargetDependency */,
			);
			name = FeedAppTests;
			productName = FeedAppTests;
			productReference = 7A1C79F129CB2FF000862924 /* FeedAppTests.xctest */;
			productType = "com.apple.product-type.bundle.unit-test";
		};
/* End PBXNativeTarget section */

/* Begin PBXProject section */
		7A1C79D329CB2FEE00862924 /* Project object */ = {
			isa = PBXProject;
			attributes = {
				BuildIndependentTargetsInParallel = 1;
				LastSwiftUpdateCheck = 1410;
				LastUpgradeCheck = 1410;
				TargetAttributes = {
					7A1C79DA29CB2FEE00862924 = {
						CreatedOnToolsVersion = 14.1;
					};
					7A1C79F029CB2FF000862924 = {
						CreatedOnToolsVersion = 14.1;
						TestTargetID = 7A1C79DA29CB2FEE00862924;
					};
				};
			};
			buildConfigurationList = 7A1C79D629CB2FEE00862924 /* Build configuration list for PBXProject "FeedApp" */;
			compatibilityVersion = "Xcode 14.0";
			developmentRegion = en;
			hasScannedForEncodings = 0;
			knownRegions = (
				en,
				Base,
			);
			mainGroup = 7A1C79D229CB2FEE00862924;
			productRefGroup = 7A1C79DC29CB2FEE00862924 /* Products */;
			projectDirPath = "";
			projectRoot = "";
			targets = (
				7A1C79DA29CB2FEE00862924 /* FeedApp */,
				7A1C79F029CB2FF000862924 /* FeedAppTests */,
			);
		};
/* End PBXProject section */

/* Begin PBXResourcesBuildPhase section */
		7A1C79D929CB2FEE00862924 /* Resources */ = {
			isa = PBXResourcesBuildPhase;
			buildActionMask = 2147483647;
			files = (
				7A1C79EB29CB2FF000862924 /* LaunchScreen.storyboard in Resources */,
				7A1C79E829CB2FF000862924 /* Assets.xcassets in Resources */,
			);
			runOnlyForDeploymentPostprocessing = 0;
		};
		7A1C79EF29CB2FF000862924 /* Resources */ = {
			isa = PBXResourcesBuildPhase;
			buildActionMask = 2147483647;
			files = (
			);
			runOnlyForDeploymentPostprocessing = 0;
		};
/* End PBXResourcesBuildPhase section */

/* Begin PBXSourcesBuildPhase section */
		7A1C79D729CB2FEE00862924 /* Sources */ = {
			isa = PBXSourcesBuildPhase;
			buildActionMask = 2147483647;
			files = (
				7A3A19B829E50F280002CF90 /* WeakRefVirtualProxy.swift in Sources */,
				7A3A19B929E50F280002CF90 /* FeedUIComposer.swift in Sources */,
				7A1C79E329CB2FEE00862924 /* ViewController.swift in Sources */,
				7A1C79DF29CB2FEE00862924 /* AppDelegate.swift in Sources */,
				7A3A19B729E50F280002CF90 /* FeedImageDataLoaderPresentationAdapter.swift in Sources */,
				7A3A19BA29E50F280002CF90 /* MainQueueDispatchDecorator.swift in Sources */,
				7ACD6DB229D1952400139F62 /* FeedLoaderWithFallbackComposite.swift in Sources */,
				7A94C00229D5633600866E46 /* FeedLoaderCacheDecorator.swift in Sources */,
				7A1C79E129CB2FEE00862924 /* SceneDelegate.swift in Sources */,
				7ACD6DB629D198EA00139F62 /* FeedImageDataLoaderWithFallbackComposite.swift in Sources */,
				7A3A19B629E50F280002CF90 /* FeedViewAdapter.swift in Sources */,
				7A3A19BB29E50F280002CF90 /* FeedLoaderPresentationAdapter.swift in Sources */,
				7A94C00C29D5706300866E46 /* FeedImageDataLoaderCacheDecorator.swift in Sources */,
			);
			runOnlyForDeploymentPostprocessing = 0;
		};
		7A1C79ED29CB2FF000862924 /* Sources */ = {
			isa = PBXSourcesBuildPhase;
			buildActionMask = 2147483647;
			files = (
				7ACD6DBB29D1999800139F62 /* SharedTestHelpers.swift in Sources */,
				7A3A19BF29E50FBA0002CF90 /* FeedViewControllerTests+LoaderSpy.swift in Sources */,
				7A94C00429D5690300866E46 /* FeedImageDataLoaderCacheDecoratorTests.swift in Sources */,
				7A3A19CB29E546480002CF90 /* UIButton+TestHelpers.swift in Sources */,
				7A94BFFD29D5358100866E46 /* XCTestCase+FeedLoader.swift in Sources */,
				7A94C00829D56B6B00866E46 /* XCTestCase+FeedImageDataLoader.swift in Sources */,
				7A3A19CF29E555A40002CF90 /* HTTPClientStub.swift in Sources */,
				7A2E5C8429E418FF00E1C2CD /* SceneDelegateTests.swift in Sources */,
				7A94BFF929D43BAA00866E46 /* FeedLoaderCacheDecoratorTests.swift in Sources */,
				7A3A19CD29E546720002CF90 /* FeedViewController+TestHelpers.swift in Sources */,
				7A94C00629D569BD00866E46 /* FeedImageDataLoaderSpy.swift in Sources */,
				7A3A19D129E555E50002CF90 /* InMemoryFeedStore.swift in Sources */,
				7ACD6DB429D195C600139F62 /* FeedImageDataLoaderWithFallbackComposite.swift in Sources */,
				7A3A19C729E5457B0002CF90 /* UIImage+TestHelpers.swift in Sources */,
				7A1C79F629CB2FF000862924 /* FeedLoaderWithFallbackCompositeTests.swift in Sources */,
				7A94BFFB29D43EB500866E46 /* FeedLoaderStub.swift in Sources */,
				7ACD6DB929D1995500139F62 /* XCTestCase+MemoryLeakTracking.swift in Sources */,
				7A3A19C929E546280002CF90 /* UIRefreshControl+TestHelpers.swift in Sources */,
				7A3A19E329E8F7940002CF90 /* UIView+TestHelpers.swift in Sources */,
				7A3A19C329E536390002CF90 /* FeedAcceptanceTests.swift in Sources */,
				7A3A19C129E50FF40002CF90 /* FeedUIIntegrationTests.swift in Sources */,
				7A3A19BE29E50FBA0002CF90 /* FeedViewControllerTests+Localization.swift in Sources */,
				7A3A19C529E5448B0002CF90 /* FeedImageCell+TestHelpers.swift in Sources */,
			);
			runOnlyForDeploymentPostprocessing = 0;
		};
/* End PBXSourcesBuildPhase section */

/* Begin PBXTargetDependency section */
		7A1C79F329CB2FF000862924 /* PBXTargetDependency */ = {
			isa = PBXTargetDependency;
			target = 7A1C79DA29CB2FEE00862924 /* FeedApp */;
			targetProxy = 7A1C79F229CB2FF000862924 /* PBXContainerItemProxy */;
		};
/* End PBXTargetDependency section */

/* Begin PBXVariantGroup section */
		7A1C79E929CB2FF000862924 /* LaunchScreen.storyboard */ = {
			isa = PBXVariantGroup;
			children = (
				7A1C79EA29CB2FF000862924 /* Base */,
			);
			name = LaunchScreen.storyboard;
			sourceTree = "<group>";
		};
/* End PBXVariantGroup section */

/* Begin XCBuildConfiguration section */
		7A1C7A0329CB2FF000862924 /* Debug */ = {
			isa = XCBuildConfiguration;
			buildSettings = {
				ALWAYS_SEARCH_USER_PATHS = NO;
				CLANG_ANALYZER_NONNULL = YES;
				CLANG_ANALYZER_NUMBER_OBJECT_CONVERSION = YES_AGGRESSIVE;
				CLANG_CXX_LANGUAGE_STANDARD = "gnu++20";
				CLANG_ENABLE_MODULES = YES;
				CLANG_ENABLE_OBJC_ARC = YES;
				CLANG_ENABLE_OBJC_WEAK = YES;
				CLANG_WARN_BLOCK_CAPTURE_AUTORELEASING = YES;
				CLANG_WARN_BOOL_CONVERSION = YES;
				CLANG_WARN_COMMA = YES;
				CLANG_WARN_CONSTANT_CONVERSION = YES;
				CLANG_WARN_DEPRECATED_OBJC_IMPLEMENTATIONS = YES;
				CLANG_WARN_DIRECT_OBJC_ISA_USAGE = YES_ERROR;
				CLANG_WARN_DOCUMENTATION_COMMENTS = YES;
				CLANG_WARN_EMPTY_BODY = YES;
				CLANG_WARN_ENUM_CONVERSION = YES;
				CLANG_WARN_INFINITE_RECURSION = YES;
				CLANG_WARN_INT_CONVERSION = YES;
				CLANG_WARN_NON_LITERAL_NULL_CONVERSION = YES;
				CLANG_WARN_OBJC_IMPLICIT_RETAIN_SELF = YES;
				CLANG_WARN_OBJC_LITERAL_CONVERSION = YES;
				CLANG_WARN_OBJC_ROOT_CLASS = YES_ERROR;
				CLANG_WARN_QUOTED_INCLUDE_IN_FRAMEWORK_HEADER = YES;
				CLANG_WARN_RANGE_LOOP_ANALYSIS = YES;
				CLANG_WARN_STRICT_PROTOTYPES = YES;
				CLANG_WARN_SUSPICIOUS_MOVE = YES;
				CLANG_WARN_UNGUARDED_AVAILABILITY = YES_AGGRESSIVE;
				CLANG_WARN_UNREACHABLE_CODE = YES;
				CLANG_WARN__DUPLICATE_METHOD_MATCH = YES;
				COPY_PHASE_STRIP = NO;
				DEBUG_INFORMATION_FORMAT = dwarf;
				ENABLE_STRICT_OBJC_MSGSEND = YES;
				ENABLE_TESTABILITY = YES;
				GCC_C_LANGUAGE_STANDARD = gnu11;
				GCC_DYNAMIC_NO_PIC = NO;
				GCC_NO_COMMON_BLOCKS = YES;
				GCC_OPTIMIZATION_LEVEL = 0;
				GCC_PREPROCESSOR_DEFINITIONS = (
					"DEBUG=1",
					"$(inherited)",
				);
				GCC_WARN_64_TO_32_BIT_CONVERSION = YES;
				GCC_WARN_ABOUT_RETURN_TYPE = YES_ERROR;
				GCC_WARN_UNDECLARED_SELECTOR = YES;
				GCC_WARN_UNINITIALIZED_AUTOS = YES_AGGRESSIVE;
				GCC_WARN_UNUSED_FUNCTION = YES;
				GCC_WARN_UNUSED_VARIABLE = YES;
				IPHONEOS_DEPLOYMENT_TARGET = 16.1;
				MTL_ENABLE_DEBUG_INFO = INCLUDE_SOURCE;
				MTL_FAST_MATH = YES;
				ONLY_ACTIVE_ARCH = YES;
				SDKROOT = iphoneos;
				SWIFT_ACTIVE_COMPILATION_CONDITIONS = DEBUG;
				SWIFT_OPTIMIZATION_LEVEL = "-Onone";
			};
			name = Debug;
		};
		7A1C7A0429CB2FF000862924 /* Release */ = {
			isa = XCBuildConfiguration;
			buildSettings = {
				ALWAYS_SEARCH_USER_PATHS = NO;
				CLANG_ANALYZER_NONNULL = YES;
				CLANG_ANALYZER_NUMBER_OBJECT_CONVERSION = YES_AGGRESSIVE;
				CLANG_CXX_LANGUAGE_STANDARD = "gnu++20";
				CLANG_ENABLE_MODULES = YES;
				CLANG_ENABLE_OBJC_ARC = YES;
				CLANG_ENABLE_OBJC_WEAK = YES;
				CLANG_WARN_BLOCK_CAPTURE_AUTORELEASING = YES;
				CLANG_WARN_BOOL_CONVERSION = YES;
				CLANG_WARN_COMMA = YES;
				CLANG_WARN_CONSTANT_CONVERSION = YES;
				CLANG_WARN_DEPRECATED_OBJC_IMPLEMENTATIONS = YES;
				CLANG_WARN_DIRECT_OBJC_ISA_USAGE = YES_ERROR;
				CLANG_WARN_DOCUMENTATION_COMMENTS = YES;
				CLANG_WARN_EMPTY_BODY = YES;
				CLANG_WARN_ENUM_CONVERSION = YES;
				CLANG_WARN_INFINITE_RECURSION = YES;
				CLANG_WARN_INT_CONVERSION = YES;
				CLANG_WARN_NON_LITERAL_NULL_CONVERSION = YES;
				CLANG_WARN_OBJC_IMPLICIT_RETAIN_SELF = YES;
				CLANG_WARN_OBJC_LITERAL_CONVERSION = YES;
				CLANG_WARN_OBJC_ROOT_CLASS = YES_ERROR;
				CLANG_WARN_QUOTED_INCLUDE_IN_FRAMEWORK_HEADER = YES;
				CLANG_WARN_RANGE_LOOP_ANALYSIS = YES;
				CLANG_WARN_STRICT_PROTOTYPES = YES;
				CLANG_WARN_SUSPICIOUS_MOVE = YES;
				CLANG_WARN_UNGUARDED_AVAILABILITY = YES_AGGRESSIVE;
				CLANG_WARN_UNREACHABLE_CODE = YES;
				CLANG_WARN__DUPLICATE_METHOD_MATCH = YES;
				COPY_PHASE_STRIP = NO;
				DEBUG_INFORMATION_FORMAT = "dwarf-with-dsym";
				ENABLE_NS_ASSERTIONS = NO;
				ENABLE_STRICT_OBJC_MSGSEND = YES;
				GCC_C_LANGUAGE_STANDARD = gnu11;
				GCC_NO_COMMON_BLOCKS = YES;
				GCC_WARN_64_TO_32_BIT_CONVERSION = YES;
				GCC_WARN_ABOUT_RETURN_TYPE = YES_ERROR;
				GCC_WARN_UNDECLARED_SELECTOR = YES;
				GCC_WARN_UNINITIALIZED_AUTOS = YES_AGGRESSIVE;
				GCC_WARN_UNUSED_FUNCTION = YES;
				GCC_WARN_UNUSED_VARIABLE = YES;
				IPHONEOS_DEPLOYMENT_TARGET = 16.1;
				MTL_ENABLE_DEBUG_INFO = NO;
				MTL_FAST_MATH = YES;
				SDKROOT = iphoneos;
				SWIFT_COMPILATION_MODE = wholemodule;
				SWIFT_OPTIMIZATION_LEVEL = "-O";
				VALIDATE_PRODUCT = YES;
			};
			name = Release;
		};
		7A1C7A0629CB2FF000862924 /* Debug */ = {
			isa = XCBuildConfiguration;
			buildSettings = {
				ASSETCATALOG_COMPILER_APPICON_NAME = AppIcon;
				ASSETCATALOG_COMPILER_GLOBAL_ACCENT_COLOR_NAME = AccentColor;
				CODE_SIGN_STYLE = Automatic;
				CURRENT_PROJECT_VERSION = 1;
				DEVELOPMENT_TEAM = B8PRWQ47YB;
				GENERATE_INFOPLIST_FILE = YES;
				INFOPLIST_FILE = FeedApp/Info.plist;
				INFOPLIST_KEY_UIApplicationSupportsIndirectInputEvents = YES;
				INFOPLIST_KEY_UILaunchStoryboardName = LaunchScreen;
				INFOPLIST_KEY_UISupportedInterfaceOrientations_iPad = "UIInterfaceOrientationPortrait UIInterfaceOrientationPortraitUpsideDown UIInterfaceOrientationLandscapeLeft UIInterfaceOrientationLandscapeRight";
				INFOPLIST_KEY_UISupportedInterfaceOrientations_iPhone = "UIInterfaceOrientationPortrait UIInterfaceOrientationLandscapeLeft UIInterfaceOrientationLandscapeRight";
				LD_RUNPATH_SEARCH_PATHS = (
					"$(inherited)",
					"@executable_path/Frameworks",
				);
				MARKETING_VERSION = 1.0;
				PRODUCT_BUNDLE_IDENTIFIER = phuanggh.FeedApp;
				PRODUCT_NAME = "$(TARGET_NAME)";
				SWIFT_EMIT_LOC_STRINGS = YES;
				SWIFT_VERSION = 5.0;
				TARGETED_DEVICE_FAMILY = "1,2";
			};
			name = Debug;
		};
		7A1C7A0729CB2FF000862924 /* Release */ = {
			isa = XCBuildConfiguration;
			buildSettings = {
				ASSETCATALOG_COMPILER_APPICON_NAME = AppIcon;
				ASSETCATALOG_COMPILER_GLOBAL_ACCENT_COLOR_NAME = AccentColor;
				CODE_SIGN_STYLE = Automatic;
				CURRENT_PROJECT_VERSION = 1;
				DEVELOPMENT_TEAM = B8PRWQ47YB;
				GENERATE_INFOPLIST_FILE = YES;
				INFOPLIST_FILE = FeedApp/Info.plist;
				INFOPLIST_KEY_UIApplicationSupportsIndirectInputEvents = YES;
				INFOPLIST_KEY_UILaunchStoryboardName = LaunchScreen;
				INFOPLIST_KEY_UISupportedInterfaceOrientations_iPad = "UIInterfaceOrientationPortrait UIInterfaceOrientationPortraitUpsideDown UIInterfaceOrientationLandscapeLeft UIInterfaceOrientationLandscapeRight";
				INFOPLIST_KEY_UISupportedInterfaceOrientations_iPhone = "UIInterfaceOrientationPortrait UIInterfaceOrientationLandscapeLeft UIInterfaceOrientationLandscapeRight";
				LD_RUNPATH_SEARCH_PATHS = (
					"$(inherited)",
					"@executable_path/Frameworks",
				);
				MARKETING_VERSION = 1.0;
				PRODUCT_BUNDLE_IDENTIFIER = phuanggh.FeedApp;
				PRODUCT_NAME = "$(TARGET_NAME)";
				SWIFT_EMIT_LOC_STRINGS = YES;
				SWIFT_VERSION = 5.0;
				TARGETED_DEVICE_FAMILY = "1,2";
			};
			name = Release;
		};
		7A1C7A0929CB2FF000862924 /* Debug */ = {
			isa = XCBuildConfiguration;
			buildSettings = {
				ALWAYS_EMBED_SWIFT_STANDARD_LIBRARIES = YES;
				BUNDLE_LOADER = "$(TEST_HOST)";
				CODE_SIGN_STYLE = Automatic;
				CURRENT_PROJECT_VERSION = 1;
				DEVELOPMENT_TEAM = B8PRWQ47YB;
				GENERATE_INFOPLIST_FILE = YES;
				IPHONEOS_DEPLOYMENT_TARGET = 16.1;
				MARKETING_VERSION = 1.0;
				PRODUCT_BUNDLE_IDENTIFIER = phuanggh.FeedAppTests;
				PRODUCT_NAME = "$(TARGET_NAME)";
				SWIFT_EMIT_LOC_STRINGS = NO;
				SWIFT_VERSION = 5.0;
				TARGETED_DEVICE_FAMILY = "1,2";
				TEST_HOST = "$(BUILT_PRODUCTS_DIR)/FeedApp.app/$(BUNDLE_EXECUTABLE_FOLDER_PATH)/FeedApp";
			};
			name = Debug;
		};
		7A1C7A0A29CB2FF000862924 /* Release */ = {
			isa = XCBuildConfiguration;
			buildSettings = {
				ALWAYS_EMBED_SWIFT_STANDARD_LIBRARIES = YES;
				BUNDLE_LOADER = "$(TEST_HOST)";
				CODE_SIGN_STYLE = Automatic;
				CURRENT_PROJECT_VERSION = 1;
				DEVELOPMENT_TEAM = B8PRWQ47YB;
				GENERATE_INFOPLIST_FILE = YES;
				IPHONEOS_DEPLOYMENT_TARGET = 16.1;
				MARKETING_VERSION = 1.0;
				PRODUCT_BUNDLE_IDENTIFIER = phuanggh.FeedAppTests;
				PRODUCT_NAME = "$(TARGET_NAME)";
				SWIFT_EMIT_LOC_STRINGS = NO;
				SWIFT_VERSION = 5.0;
				TARGETED_DEVICE_FAMILY = "1,2";
				TEST_HOST = "$(BUILT_PRODUCTS_DIR)/FeedApp.app/$(BUNDLE_EXECUTABLE_FOLDER_PATH)/FeedApp";
			};
			name = Release;
		};
/* End XCBuildConfiguration section */

/* Begin XCConfigurationList section */
		7A1C79D629CB2FEE00862924 /* Build configuration list for PBXProject "FeedApp" */ = {
			isa = XCConfigurationList;
			buildConfigurations = (
				7A1C7A0329CB2FF000862924 /* Debug */,
				7A1C7A0429CB2FF000862924 /* Release */,
			);
			defaultConfigurationIsVisible = 0;
			defaultConfigurationName = Release;
		};
		7A1C7A0529CB2FF000862924 /* Build configuration list for PBXNativeTarget "FeedApp" */ = {
			isa = XCConfigurationList;
			buildConfigurations = (
				7A1C7A0629CB2FF000862924 /* Debug */,
				7A1C7A0729CB2FF000862924 /* Release */,
			);
			defaultConfigurationIsVisible = 0;
			defaultConfigurationName = Release;
		};
		7A1C7A0829CB2FF000862924 /* Build configuration list for PBXNativeTarget "FeedAppTests" */ = {
			isa = XCConfigurationList;
			buildConfigurations = (
				7A1C7A0929CB2FF000862924 /* Debug */,
				7A1C7A0A29CB2FF000862924 /* Release */,
			);
			defaultConfigurationIsVisible = 0;
			defaultConfigurationName = Release;
		};
/* End XCConfigurationList section */
	};
	rootObject = 7A1C79D329CB2FEE00862924 /* Project object */;
}
